
Microsoft Visual Studio Solution File, Format Version 12.00
# Visual Studio Version 17
VisualStudioVersion = 17.13.35818.85 d17.13
MinimumVisualStudioVersion = 10.0.40219.1
Project("{8BC9CEB8-8B4A-11D0-8D11-00A0C91BC942}") = "hello_world", "Chapter2\Chapter2.vcxproj", "{77A096AF-2403-4BB8-83B6-755C0C6794A6}"
EndProject
Project("{2150E333-8FDC-42A3-9474-1A3956D46DE8}") = "Solution Items", "Solution Items", "{8EC462FD-D22E-90A8-E5CE-7E832BA40C5D}"
	ProjectSection(SolutionItems) = preProject
		std_lib_facilities.h = std_lib_facilities.h
	EndProjectSection
EndProject
Project("{2150E333-8FDC-42A3-9474-1A3956D46DE8}") = "Part 1", "Part 1", "{02EA681E-C7D8-13C7-8484-4AC65E1B71E8}"
EndProject
Project("{2150E333-8FDC-42A3-9474-1A3956D46DE8}") = "Chapter 2", "Chapter 2", "{0E061F25-CF6C-4D06-8E4E-71DD417F23CD}"
EndProject
Global
	GlobalSection(SolutionConfigurationPlatforms) = preSolution
		Debug|x64 = Debug|x64
		Debug|x86 = Debug|x86
		Release|x64 = Release|x64
		Release|x86 = Release|x86
	EndGlobalSection
	GlobalSection(ProjectConfigurationPlatforms) = postSolution
		{77A096AF-2403-4BB8-83B6-755C0C6794A6}.Debug|x64.ActiveCfg = Debug|x64
		{77A096AF-2403-4BB8-83B6-755C0C6794A6}.Debug|x64.Build.0 = Debug|x64
		{77A096AF-2403-4BB8-83B6-755C0C6794A6}.Debug|x86.ActiveCfg = Debug|Win32
		{77A096AF-2403-4BB8-83B6-755C0C6794A6}.Debug|x86.Build.0 = Debug|Win32
		{77A096AF-2403-4BB8-83B6-755C0C6794A6}.Release|x64.ActiveCfg = Release|x64
		{77A096AF-2403-4BB8-83B6-755C0C6794A6}.Release|x64.Build.0 = Release|x64
		{77A096AF-2403-4BB8-83B6-755C0C6794A6}.Release|x86.ActiveCfg = Release|Win32
		{77A096AF-2403-4BB8-83B6-755C0C6794A6}.Release|x86.Build.0 = Release|Win32
	EndGlobalSection
	GlobalSection(SolutionProperties) = preSolution
		HideSolutionNode = FALSE
	EndGlobalSection
	GlobalSection(NestedProjects) = preSolution
		{77A096AF-2403-4BB8-83B6-755C0C6794A6} = {0E061F25-CF6C-4D06-8E4E-71DD417F23CD}
		{0E061F25-CF6C-4D06-8E4E-71DD417F23CD} = {02EA681E-C7D8-13C7-8484-4AC65E1B71E8}
	EndGlobalSection
	GlobalSection(ExtensibilityGlobals) = postSolution
		SolutionGuid = {A0321406-D64A-4287-9746-91FF903D7B72}
	EndGlobalSection
EndGlobal
